
Microsoft Visual Studio Solution File, Format Version 12.00
# Visual Studio Version 16
VisualStudioVersion = 16.0.30717.126
MinimumVisualStudioVersion = 10.0.40219.1
Project("{FAE04EC0-301F-11D3-BF4B-00C04F79EFBC}") = "GSB_gestion_cloture", "GSB_gestion_cloture.csproj", "{EE912F70-8888-40C1-9EEA-9B9E3E3F3E78}"
EndProject
Global
	GlobalSection(SolutionConfigurationPlatforms) = preSolution
		Debug|Any CPU = Debug|Any CPU
		Release|Any CPU = Release|Any CPU
	EndGlobalSection
	GlobalSection(ProjectConfigurationPlatforms) = postSolution
		{EE912F70-8888-40C1-9EEA-9B9E3E3F3E78}.Debug|Any CPU.ActiveCfg = Debug|Any CPU
		{EE912F70-8888-40C1-9EEA-9B9E3E3F3E78}.Debug|Any CPU.Build.0 = Debug|Any CPU
		{EE912F70-8888-40C1-9EEA-9B9E3E3F3E78}.Release|Any CPU.ActiveCfg = Release|Any CPU
		{EE912F70-8888-40C1-9EEA-9B9E3E3F3E78}.Release|Any CPU.Build.0 = Release|Any CPU
	EndGlobalSection
	GlobalSection(SolutionProperties) = preSolution
		HideSolutionNode = FALSE
	EndGlobalSection
	GlobalSection(ExtensibilityGlobals) = postSolution
		SolutionGuid = {76EBD3BD-0C7F-4505-87F5-B471B7055C61}
	EndGlobalSection
EndGlobal
